
Microsoft Visual Studio Solution File, Format Version 12.00
# Visual Studio Version 16
VisualStudioVersion = 16.0.32602.291
MinimumVisualStudioVersion = 10.0.40219.1
Project("{FAE04EC0-301F-11D3-BF4B-00C04F79EFBC}") = "WPFWebSearch", "WPFWebSearch\WPFWebSearch.csproj", "{D54873F5-2462-4D12-A41A-0A98BD52BF22}"
EndProject
Global
	GlobalSection(SolutionConfigurationPlatforms) = preSolution
		Debug|Any CPU = Debug|Any CPU
		Release|Any CPU = Release|Any CPU
	EndGlobalSection
	GlobalSection(ProjectConfigurationPlatforms) = postSolution
		{D54873F5-2462-4D12-A41A-0A98BD52BF22}.Debug|Any CPU.ActiveCfg = Debug|Any CPU
		{D54873F5-2462-4D12-A41A-0A98BD52BF22}.Debug|Any CPU.Build.0 = Debug|Any CPU
		{D54873F5-2462-4D12-A41A-0A98BD52BF22}.Release|Any CPU.ActiveCfg = Release|Any CPU
		{D54873F5-2462-4D12-A41A-0A98BD52BF22}.Release|Any CPU.Build.0 = Release|Any CPU
	EndGlobalSection
	GlobalSection(SolutionProperties) = preSolution
		HideSolutionNode = FALSE
	EndGlobalSection
	GlobalSection(ExtensibilityGlobals) = postSolution
		SolutionGuid = {824A0712-52D3-4AD1-A3AA-CF1D11F689BC}
	EndGlobalSection
EndGlobal
